
Microsoft Visual Studio Solution File, Format Version 12.00
# Visual Studio Version 17
VisualStudioVersion = 17.13.35919.96
MinimumVisualStudioVersion = 10.0.40219.1
Project("{FAE04EC0-301F-11D3-BF4B-00C04F79EFBC}") = "JPOC_VM_DEMO", "JPOC_VM_DEMO\JPOC_VM_DEMO.csproj", "{A53D8B40-CB54-49EA-9AF1-F062FB2AACA3}"
EndProject
Project("{F184B08F-C81C-45F6-A57F-5ABD9991F28F}") = "JpocCommonCore", "JpocCommonCore\JpocCommonCore.vbproj", "{CE7D049F-557A-787E-6203-28F90314DACB}"
EndProject
Project("{F184B08F-C81C-45F6-A57F-5ABD9991F28F}") = "JpocDacCore", "JpocDacCore\JpocDacCore.vbproj", "{80630E78-3415-FE00-07AC-38895718497A}"
EndProject
Project("{F184B08F-C81C-45F6-A57F-5ABD9991F28F}") = "JpocToolsCoreCore", "JpocToolsCoreCore\JpocToolsCoreCore.vbproj", "{19D96FAC-A865-6B18-ADE1-9B660D202514}"
EndProject
Global
	GlobalSection(SolutionConfigurationPlatforms) = preSolution
		Debug|Any CPU = Debug|Any CPU
		MSTEST_DEBUG|Any CPU = MSTEST_DEBUG|Any CPU
		MSTEST_RELEASE|Any CPU = MSTEST_RELEASE|Any CPU
		NUNIT_DEBUG|Any CPU = NUNIT_DEBUG|Any CPU
		NUNIT_RELEASE|Any CPU = NUNIT_RELEASE|Any CPU
		Release|Any CPU = Release|Any CPU
	EndGlobalSection
	GlobalSection(ProjectConfigurationPlatforms) = postSolution
		{A53D8B40-CB54-49EA-9AF1-F062FB2AACA3}.Debug|Any CPU.ActiveCfg = Debug|Any CPU
		{A53D8B40-CB54-49EA-9AF1-F062FB2AACA3}.Debug|Any CPU.Build.0 = Debug|Any CPU
		{A53D8B40-CB54-49EA-9AF1-F062FB2AACA3}.MSTEST_DEBUG|Any CPU.ActiveCfg = Debug|Any CPU
		{A53D8B40-CB54-49EA-9AF1-F062FB2AACA3}.MSTEST_DEBUG|Any CPU.Build.0 = Debug|Any CPU
		{A53D8B40-CB54-49EA-9AF1-F062FB2AACA3}.MSTEST_RELEASE|Any CPU.ActiveCfg = Release|Any CPU
		{A53D8B40-CB54-49EA-9AF1-F062FB2AACA3}.MSTEST_RELEASE|Any CPU.Build.0 = Release|Any CPU
		{A53D8B40-CB54-49EA-9AF1-F062FB2AACA3}.NUNIT_DEBUG|Any CPU.ActiveCfg = Release|Any CPU
		{A53D8B40-CB54-49EA-9AF1-F062FB2AACA3}.NUNIT_DEBUG|Any CPU.Build.0 = Release|Any CPU
		{A53D8B40-CB54-49EA-9AF1-F062FB2AACA3}.NUNIT_RELEASE|Any CPU.ActiveCfg = Release|Any CPU
		{A53D8B40-CB54-49EA-9AF1-F062FB2AACA3}.NUNIT_RELEASE|Any CPU.Build.0 = Release|Any CPU
		{A53D8B40-CB54-49EA-9AF1-F062FB2AACA3}.Release|Any CPU.ActiveCfg = Release|Any CPU
		{A53D8B40-CB54-49EA-9AF1-F062FB2AACA3}.Release|Any CPU.Build.0 = Release|Any CPU
		{CE7D049F-557A-787E-6203-28F90314DACB}.Debug|Any CPU.ActiveCfg = Debug|Any CPU
		{CE7D049F-557A-787E-6203-28F90314DACB}.Debug|Any CPU.Build.0 = Debug|Any CPU
		{CE7D049F-557A-787E-6203-28F90314DACB}.MSTEST_DEBUG|Any CPU.ActiveCfg = MSTEST_DEBUG|Any CPU
		{CE7D049F-557A-787E-6203-28F90314DACB}.MSTEST_DEBUG|Any CPU.Build.0 = MSTEST_DEBUG|Any CPU
		{CE7D049F-557A-787E-6203-28F90314DACB}.MSTEST_RELEASE|Any CPU.ActiveCfg = MSTEST_RELEASE|Any CPU
		{CE7D049F-557A-787E-6203-28F90314DACB}.MSTEST_RELEASE|Any CPU.Build.0 = MSTEST_RELEASE|Any CPU
		{CE7D049F-557A-787E-6203-28F90314DACB}.NUNIT_DEBUG|Any CPU.ActiveCfg = NUNIT_DEBUG|Any CPU
		{CE7D049F-557A-787E-6203-28F90314DACB}.NUNIT_DEBUG|Any CPU.Build.0 = NUNIT_DEBUG|Any CPU
		{CE7D049F-557A-787E-6203-28F90314DACB}.NUNIT_RELEASE|Any CPU.ActiveCfg = NUNIT_RELEASE|Any CPU
		{CE7D049F-557A-787E-6203-28F90314DACB}.NUNIT_RELEASE|Any CPU.Build.0 = NUNIT_RELEASE|Any CPU
		{CE7D049F-557A-787E-6203-28F90314DACB}.Release|Any CPU.ActiveCfg = Release|Any CPU
		{CE7D049F-557A-787E-6203-28F90314DACB}.Release|Any CPU.Build.0 = Release|Any CPU
		{80630E78-3415-FE00-07AC-38895718497A}.Debug|Any CPU.ActiveCfg = Debug|Any CPU
		{80630E78-3415-FE00-07AC-38895718497A}.Debug|Any CPU.Build.0 = Debug|Any CPU
		{80630E78-3415-FE00-07AC-38895718497A}.MSTEST_DEBUG|Any CPU.ActiveCfg = MSTEST_DEBUG|Any CPU
		{80630E78-3415-FE00-07AC-38895718497A}.MSTEST_DEBUG|Any CPU.Build.0 = MSTEST_DEBUG|Any CPU
		{80630E78-3415-FE00-07AC-38895718497A}.MSTEST_RELEASE|Any CPU.ActiveCfg = MSTEST_RELEASE|Any CPU
		{80630E78-3415-FE00-07AC-38895718497A}.MSTEST_RELEASE|Any CPU.Build.0 = MSTEST_RELEASE|Any CPU
		{80630E78-3415-FE00-07AC-38895718497A}.NUNIT_DEBUG|Any CPU.ActiveCfg = NUNIT_DEBUG|Any CPU
		{80630E78-3415-FE00-07AC-38895718497A}.NUNIT_DEBUG|Any CPU.Build.0 = NUNIT_DEBUG|Any CPU
		{80630E78-3415-FE00-07AC-38895718497A}.NUNIT_RELEASE|Any CPU.ActiveCfg = NUNIT_RELEASE|Any CPU
		{80630E78-3415-FE00-07AC-38895718497A}.NUNIT_RELEASE|Any CPU.Build.0 = NUNIT_RELEASE|Any CPU
		{80630E78-3415-FE00-07AC-38895718497A}.Release|Any CPU.ActiveCfg = Release|Any CPU
		{80630E78-3415-FE00-07AC-38895718497A}.Release|Any CPU.Build.0 = Release|Any CPU
		{19D96FAC-A865-6B18-ADE1-9B660D202514}.Debug|Any CPU.ActiveCfg = Debug|Any CPU
		{19D96FAC-A865-6B18-ADE1-9B660D202514}.Debug|Any CPU.Build.0 = Debug|Any CPU
		{19D96FAC-A865-6B18-ADE1-9B660D202514}.MSTEST_DEBUG|Any CPU.ActiveCfg = MSTEST_DEBUG|Any CPU
		{19D96FAC-A865-6B18-ADE1-9B660D202514}.MSTEST_DEBUG|Any CPU.Build.0 = MSTEST_DEBUG|Any CPU
		{19D96FAC-A865-6B18-ADE1-9B660D202514}.MSTEST_RELEASE|Any CPU.ActiveCfg = MSTEST_RELEASE|Any CPU
		{19D96FAC-A865-6B18-ADE1-9B660D202514}.MSTEST_RELEASE|Any CPU.Build.0 = MSTEST_RELEASE|Any CPU
		{19D96FAC-A865-6B18-ADE1-9B660D202514}.NUNIT_DEBUG|Any CPU.ActiveCfg = NUNIT_DEBUG|Any CPU
		{19D96FAC-A865-6B18-ADE1-9B660D202514}.NUNIT_DEBUG|Any CPU.Build.0 = NUNIT_DEBUG|Any CPU
		{19D96FAC-A865-6B18-ADE1-9B660D202514}.NUNIT_RELEASE|Any CPU.ActiveCfg = NUNIT_RELEASE|Any CPU
		{19D96FAC-A865-6B18-ADE1-9B660D202514}.NUNIT_RELEASE|Any CPU.Build.0 = NUNIT_RELEASE|Any CPU
		{19D96FAC-A865-6B18-ADE1-9B660D202514}.Release|Any CPU.ActiveCfg = Release|Any CPU
		{19D96FAC-A865-6B18-ADE1-9B660D202514}.Release|Any CPU.Build.0 = Release|Any CPU
	EndGlobalSection
	GlobalSection(SolutionProperties) = preSolution
		HideSolutionNode = FALSE
	EndGlobalSection
	GlobalSection(ExtensibilityGlobals) = postSolution
		SolutionGuid = {F7A9A18E-1FE3-46F4-AAA0-D7845E0CA572}
	EndGlobalSection
EndGlobal
